<?xml version="1.0" encoding="UTF-8"?>
<Scheme
   LastUpgradeVersion = "1100"
   version = "1.3">
   <BuildAction
      parallelizeBuildables = "YES"
      buildImplicitDependencies = "YES">
      <BuildActionEntries>
         <BuildActionEntry
            buildForAnalyzing = "YES"
            buildForTesting = "YES"
            buildForRunning = "YES"
            buildForProfiling = "YES"
            buildForArchiving = "YES">
            <BuildableReference
               BuildableIdentifier = "primary"
               BlueprintIdentifier = "306946FDA3FDEA7E0CA52F1B"
               BuildableName = "IceImpl.framework"
               BlueprintName = "IceImpl iOS"
               ReferencedContainer = "container:ice.xcodeproj">
            </BuildableReference>
         </BuildActionEntry>
         <BuildActionEntry
            buildForAnalyzing = "YES"
            buildForTesting = "YES"
            buildForRunning = "YES"
            buildForProfiling = "YES"
            buildForArchiving = "YES">
            <BuildableReference
               BuildableIdentifier = "primary"
               BlueprintIdentifier = "686F56DD4B021559C976E0AE"
               BuildableName = "Ice.framework"
               BlueprintName = "Ice iOS"
               ReferencedContainer = "container:ice.xcodeproj">
            </BuildableReference>
         </BuildActionEntry>
         <BuildActionEntry
            buildForAnalyzing = "YES"
            buildForTesting = "YES"
            buildForRunning = "YES"
            buildForProfiling = "YES"
            buildForArchiving = "YES">
            <BuildableReference
               BuildableIdentifier = "primary"
               BlueprintIdentifier = "395D4E90FEEEE07AFF55957F"
               BuildableName = "Glacier2.framework"
               BlueprintName = "Glacier2 iOS"
               ReferencedContainer = "container:ice.xcodeproj">
            </BuildableReference>
         </BuildActionEntry>
         <BuildActionEntry
            buildForAnalyzing = "YES"
            buildForTesting = "YES"
            buildForRunning = "YES"
            buildForProfiling = "YES"
            buildForArchiving = "YES">
            <BuildableReference
               BuildableIdentifier = "primary"
               BlueprintIdentifier = "A696D2424AD069AE1230DFB7"
               BuildableName = "IceStorm.framework"
               BlueprintName = "IceStorm iOS"
               ReferencedContainer = "container:ice.xcodeproj">
            </BuildableReference>
         </BuildActionEntry>
         <BuildActionEntry
            buildForAnalyzing = "YES"
            buildForTesting = "YES"
            buildForRunning = "YES"
            buildForProfiling = "YES"
            buildForArchiving = "YES">
            <BuildableReference
               BuildableIdentifier = "primary"
               BlueprintIdentifier = "D02AB38A6AFB5CA772BEAE6C"
               BuildableName = "IceGrid.framework"
               BlueprintName = "IceGrid iOS"
               ReferencedContainer = "container:ice.xcodeproj">
            </BuildableReference>
         </BuildActionEntry>
      </BuildActionEntries>
   </BuildAction>
   <TestAction
      selectedDebuggerIdentifier = "Xcode.DebuggerFoundation.Debugger.LLDB"
      selectedLauncherIdentifier = "Xcode.DebuggerFoundation.Launcher.LLDB"
      shouldUseLaunchSchemeArgsEnv = "YES"
      buildConfiguration = "Debug">
      <AdditionalOptions>
      </AdditionalOptions>
   </TestAction>
   <LaunchAction
      selectedDebuggerIdentifier = "Xcode.DebuggerFoundation.Debugger.LLDB"
      selectedLauncherIdentifier = "Xcode.DebuggerFoundation.Launcher.LLDB"
      launchStyle = "0"
      useCustomWorkingDirectory = "NO"
      ignoresPersistentStateOnLaunch = "NO"
      debugDocumentVersioning = "YES"
      debugServiceExtension = "internal"
      buildConfiguration = "Debug"
      allowLocationSimulation = "YES">
      <AdditionalOptions>
      </AdditionalOptions>
   </LaunchAction>
   <ProfileAction
      savedToolIdentifier = ""
      useCustomWorkingDirectory = "NO"
      debugDocumentVersioning = "YES"
      buildConfiguration = "Release"
      shouldUseLaunchSchemeArgsEnv = "YES">
   </ProfileAction>
   <AnalyzeAction
      buildConfiguration = "Debug">
   </AnalyzeAction>
   <ArchiveAction
      buildConfiguration = "Release"
      revealArchiveInOrganizer = "YES">
   </ArchiveAction>
</Scheme>
